
Microsoft Visual Studio Solution File, Format Version 12.00
# Visual Studio Version 17
VisualStudioVersion = 17.8.34525.116
MinimumVisualStudioVersion = 10.0.40219.1
Project("{FAE04EC0-301F-11D3-BF4B-00C04F79EFBC}") = "ConsoleApp14", "ConsoleApp14.csproj", "{84C38325-DD46-4EC7-ACCC-683B06D57B0E}"
EndProject
Global
	GlobalSection(SolutionConfigurationPlatforms) = preSolution
		Debug|Any CPU = Debug|Any CPU
		Release|Any CPU = Release|Any CPU
	EndGlobalSection
	GlobalSection(ProjectConfigurationPlatforms) = postSolution
		{84C38325-DD46-4EC7-ACCC-683B06D57B0E}.Debug|Any CPU.ActiveCfg = Debug|Any CPU
		{84C38325-DD46-4EC7-ACCC-683B06D57B0E}.Debug|Any CPU.Build.0 = Debug|Any CPU
		{84C38325-DD46-4EC7-ACCC-683B06D57B0E}.Release|Any CPU.ActiveCfg = Release|Any CPU
		{84C38325-DD46-4EC7-ACCC-683B06D57B0E}.Release|Any CPU.Build.0 = Release|Any CPU
	EndGlobalSection
	GlobalSection(SolutionProperties) = preSolution
		HideSolutionNode = FALSE
	EndGlobalSection
	GlobalSection(ExtensibilityGlobals) = postSolution
		SolutionGuid = {76DEC2FE-3689-4F7A-951C-279C97A51D86}
	EndGlobalSection
EndGlobal
